
Microsoft Visual Studio Solution File, Format Version 12.00
Project("{2150E333-8FDC-42A3-9474-1A3956D46DE8}") = "src", "src", "{87C34E66-5DC8-4790-9530-041C6CA7005F}"
EndProject
Project("{FAE04EC0-301F-11D3-BF4B-00C04F79EFBC}") = "Work360.APIGateway", "src\Work360.APIGateway\Work360.APIGateway.csproj", "{D1DA5CD0-0A66-435D-9A5D-676D918D338D}"
EndProject
Global
	GlobalSection(SolutionConfigurationPlatforms) = preSolution
		Debug|Any CPU = Debug|Any CPU
		Release|Any CPU = Release|Any CPU
	EndGlobalSection
	GlobalSection(NestedProjects) = preSolution
		{D1DA5CD0-0A66-435D-9A5D-676D918D338D} = {87C34E66-5DC8-4790-9530-041C6CA7005F}
	EndGlobalSection
	GlobalSection(ProjectConfigurationPlatforms) = postSolution
		{D1DA5CD0-0A66-435D-9A5D-676D918D338D}.Debug|Any CPU.ActiveCfg = Debug|Any CPU
		{D1DA5CD0-0A66-435D-9A5D-676D918D338D}.Debug|Any CPU.Build.0 = Debug|Any CPU
		{D1DA5CD0-0A66-435D-9A5D-676D918D338D}.Release|Any CPU.ActiveCfg = Release|Any CPU
		{D1DA5CD0-0A66-435D-9A5D-676D918D338D}.Release|Any CPU.Build.0 = Release|Any CPU
	EndGlobalSection
EndGlobal
